
Microsoft Visual Studio Solution File, Format Version 12.00
# Visual Studio Version 17
VisualStudioVersion = 17.2.32616.157
MinimumVisualStudioVersion = 10.0.40219.1
Project("{FAE04EC0-301F-11D3-BF4B-00C04F79EFBC}") = "Demo7", "Demo7\Demo7.csproj", "{4BA49261-B275-48FB-8C0C-AEB2622AF5D7}"
EndProject
Global
	GlobalSection(SolutionConfigurationPlatforms) = preSolution
		Debug|Any CPU = Debug|Any CPU
		Release|Any CPU = Release|Any CPU
	EndGlobalSection
	GlobalSection(ProjectConfigurationPlatforms) = postSolution
		{4BA49261-B275-48FB-8C0C-AEB2622AF5D7}.Debug|Any CPU.ActiveCfg = Debug|Any CPU
		{4BA49261-B275-48FB-8C0C-AEB2622AF5D7}.Debug|Any CPU.Build.0 = Debug|Any CPU
		{4BA49261-B275-48FB-8C0C-AEB2622AF5D7}.Release|Any CPU.ActiveCfg = Release|Any CPU
		{4BA49261-B275-48FB-8C0C-AEB2622AF5D7}.Release|Any CPU.Build.0 = Release|Any CPU
	EndGlobalSection
	GlobalSection(SolutionProperties) = preSolution
		HideSolutionNode = FALSE
	EndGlobalSection
	GlobalSection(ExtensibilityGlobals) = postSolution
		SolutionGuid = {3465BDED-F984-4A8F-A988-AE113BA906C3}
	EndGlobalSection
EndGlobal
